
Microsoft Visual Studio Solution File, Format Version 12.00
# Visual Studio Version 16
VisualStudioVersion = 25.0.1706.8
MinimumVisualStudioVersion = 10.0.40219.1
Project("{FAE04EC0-301F-11D3-BF4B-00C04F79EFBC}") = "homework2401", "homework2401\homework2401.csproj", "{EE9FC2DE-D991-4648-996D-54917063554A}"
EndProject
Global
	GlobalSection(SolutionConfigurationPlatforms) = preSolution
		Debug|Any CPU = Debug|Any CPU
		Release|Any CPU = Release|Any CPU
	EndGlobalSection
	GlobalSection(ProjectConfigurationPlatforms) = postSolution
		{EE9FC2DE-D991-4648-996D-54917063554A}.Debug|Any CPU.ActiveCfg = Debug|Any CPU
		{EE9FC2DE-D991-4648-996D-54917063554A}.Debug|Any CPU.Build.0 = Debug|Any CPU
		{EE9FC2DE-D991-4648-996D-54917063554A}.Release|Any CPU.ActiveCfg = Release|Any CPU
		{EE9FC2DE-D991-4648-996D-54917063554A}.Release|Any CPU.Build.0 = Release|Any CPU
	EndGlobalSection
	GlobalSection(SolutionProperties) = preSolution
		HideSolutionNode = FALSE
	EndGlobalSection
	GlobalSection(ExtensibilityGlobals) = postSolution
		SolutionGuid = {CCDC6219-70AD-409D-94DB-A96D169DF0AE}
	EndGlobalSection
EndGlobal
